<?xml version="1.0" encoding="utf-8"?>
<Project ToolsVersion="4.0" xmlns="http://schemas.microsoft.com/developer/msbuild/2003">
  <ItemGroup>
    <Filter Include="源文件">
      <UniqueIdentifier>{4FC737F1-C7A5-4376-A066-2A32D752A2FF}</UniqueIdentifier>
      <Extensions>cpp;c;cc;cxx;def;odl;idl;hpj;bat;asm;asmx</Extensions>
    </Filter>
    <Filter Include="头文件">
      <UniqueIdentifier>{93995380-89BD-4b04-88EB-625FBE52EBFB}</UniqueIdentifier>
      <Extensions>h;hpp;hxx;hm;inl;inc;xsd</Extensions>
    </Filter>
    <Filter Include="资源文件">
      <UniqueIdentifier>{67DA6AB6-F800-4c08-8B7A-83BB121AAD01}</UniqueIdentifier>
      <Extensions>rc;ico;cur;bmp;dlg;rc2;rct;bin;rgs;gif;jpg;jpeg;jpe;resx;tiff;tif;png;wav;mfcribbon-ms</Extensions>
    </Filter>
    <Filter Include="echttp">
      <UniqueIdentifier>{844c11e6-b321-44a1-a040-351e9995322d}</UniqueIdentifier>
    </Filter>
    <Filter Include="oss">
      <UniqueIdentifier>{cf013c21-74e3-47b6-84e1-c3abe36e3e93}</UniqueIdentifier>
    </Filter>
  </ItemGroup>
  <ItemGroup>
    <Text Include="ReadMe.txt" />
  </ItemGroup>
  <ItemGroup>
    <ClInclude Include="ossGui.h">
      <Filter>头文件</Filter>
    </ClInclude>
    <ClInclude Include="ossGuiDlg.h">
      <Filter>头文件</Filter>
    </ClInclude>
    <ClInclude Include="stdafx.h">
      <Filter>头文件</Filter>
    </ClInclude>
    <ClInclude Include="targetver.h">
      <Filter>头文件</Filter>
    </ClInclude>
    <ClInclude Include="Resource.h">
      <Filter>头文件</Filter>
    </ClInclude>
    <ClInclude Include="OssSdk.h">
      <Filter>头文件</Filter>
    </ClInclude>
    <ClInclude Include="COssApi.h">
      <Filter>头文件</Filter>
    </ClInclude>
    <ClInclude Include="InputBox.h">
      <Filter>头文件</Filter>
    </ClInclude>
    <ClInclude Include="echttp\client.hpp">
      <Filter>echttp</Filter>
    </ClInclude>
    <ClInclude Include="echttp\common.hpp">
      <Filter>echttp</Filter>
    </ClInclude>
    <ClInclude Include="echttp\function.hpp">
      <Filter>echttp</Filter>
    </ClInclude>
    <ClInclude Include="echttp\iopool.hpp">
      <Filter>echttp</Filter>
    </ClInclude>
    <ClInclude Include="echttp\reader.hpp">
      <Filter>echttp</Filter>
    </ClInclude>
    <ClInclude Include="echttp\request.hpp">
      <Filter>echttp</Filter>
    </ClInclude>
    <ClInclude Include="echttp\respone.hpp">
      <Filter>echttp</Filter>
    </ClInclude>
    <ClInclude Include="echttp\http.hpp">
      <Filter>echttp</Filter>
    </ClInclude>
    <ClInclude Include="oss\global.hpp">
      <Filter>oss</Filter>
    </ClInclude>
    <ClInclude Include="oss\auth.hpp">
      <Filter>oss</Filter>
    </ClInclude>
    <ClInclude Include="oss\result.hpp">
      <Filter>oss</Filter>
    </ClInclude>
    <ClInclude Include="oss\client.h">
      <Filter>oss</Filter>
    </ClInclude>
  </ItemGroup>
  <ItemGroup>
    <ClCompile Include="ossGui.cpp">
      <Filter>源文件</Filter>
    </ClCompile>
    <ClCompile Include="ossGuiDlg.cpp">
      <Filter>源文件</Filter>
    </ClCompile>
    <ClCompile Include="stdafx.cpp">
      <Filter>源文件</Filter>
    </ClCompile>
    <ClCompile Include="OssSdk.cpp">
      <Filter>源文件</Filter>
    </ClCompile>
    <ClCompile Include="COssApi.cpp">
      <Filter>源文件</Filter>
    </ClCompile>
    <ClCompile Include="InputBox.cpp">
      <Filter>源文件</Filter>
    </ClCompile>
    <ClCompile Include="oss\client.cpp">
      <Filter>oss</Filter>
    </ClCompile>
  </ItemGroup>
  <ItemGroup>
    <ResourceCompile Include="ossGui.rc">
      <Filter>资源文件</Filter>
    </ResourceCompile>
  </ItemGroup>
  <ItemGroup>
    <None Include="res\ossGui.rc2">
      <Filter>资源文件</Filter>
    </None>
    <None Include="ClassDiagram.cd" />
  </ItemGroup>
  <ItemGroup>
    <Image Include="res\ossGui.ico">
      <Filter>资源文件</Filter>
    </Image>
    <Image Include="res\icon1.ico">
      <Filter>资源文件</Filter>
    </Image>
    <Image Include="img.ico">
      <Filter>资源文件</Filter>
    </Image>
  </ItemGroup>
</Project>